
Microsoft Visual Studio Solution File, Format Version 12.00
# Visual Studio 2012
Project("{FAE04EC0-301F-11D3-BF4B-00C04F79EFBC}") = "HTJKWeb", "HTJKWeb\HTJKWeb.csproj", "{466CD2A3-E522-43C8-A57B-3A3FA343031F}"
EndProject
Project("{2150E333-8FDC-42A3-9474-1A3956D46DE8}") = "WebUI", "WebUI", "{22658A63-D720-4AC8-9EA9-469EC46514AD}"
EndProject
Project("{FAE04EC0-301F-11D3-BF4B-00C04F79EFBC}") = "HTJKAdmin", "HTJKAdmin\HTJKAdmin.csproj", "{F53F95BF-530B-44D7-8DD7-7D1B226BF616}"
EndProject
Project("{FAE04EC0-301F-11D3-BF4B-00C04F79EFBC}") = "Common", "Common\Common.csproj", "{1F5706B7-57AB-44C6-8A69-15B25E8C8CAF}"
EndProject
Project("{FAE04EC0-301F-11D3-BF4B-00C04F79EFBC}") = "DalProject", "DalProject\DalProject.csproj", "{21EA0243-3FE5-4148-A85F-B85295BDB069}"
EndProject
Project("{FAE04EC0-301F-11D3-BF4B-00C04F79EFBC}") = "ModelProject", "ModelProject\ModelProject.csproj", "{C6145E35-5B29-422E-8B9D-880EA75AFD82}"
EndProject
Project("{FAE04EC0-301F-11D3-BF4B-00C04F79EFBC}") = "ServiceProject", "ServiceProject\ServiceProject.csproj", "{3EB465D7-0A77-49D8-B149-9A7B76AE9929}"
EndProject
Project("{FAE04EC0-301F-11D3-BF4B-00C04F79EFBC}") = "DataBase", "DataBase\DataBase.csproj", "{9B92C793-F9B9-487F-9DE5-7BDA6F94B658}"
EndProject
Project("{FAE04EC0-301F-11D3-BF4B-00C04F79EFBC}") = "WXPayAPI", "WXPayAPI\WXPayAPI.csproj", "{D489D91E-243B-4AEF-AABF-9F1B7B31C6FE}"
EndProject
Global
	GlobalSection(SolutionConfigurationPlatforms) = preSolution
		Debug|Any CPU = Debug|Any CPU
		Release|Any CPU = Release|Any CPU
	EndGlobalSection
	GlobalSection(ProjectConfigurationPlatforms) = postSolution
		{466CD2A3-E522-43C8-A57B-3A3FA343031F}.Debug|Any CPU.ActiveCfg = Debug|Any CPU
		{466CD2A3-E522-43C8-A57B-3A3FA343031F}.Debug|Any CPU.Build.0 = Debug|Any CPU
		{466CD2A3-E522-43C8-A57B-3A3FA343031F}.Release|Any CPU.ActiveCfg = Release|Any CPU
		{466CD2A3-E522-43C8-A57B-3A3FA343031F}.Release|Any CPU.Build.0 = Release|Any CPU
		{F53F95BF-530B-44D7-8DD7-7D1B226BF616}.Debug|Any CPU.ActiveCfg = Debug|Any CPU
		{F53F95BF-530B-44D7-8DD7-7D1B226BF616}.Debug|Any CPU.Build.0 = Debug|Any CPU
		{F53F95BF-530B-44D7-8DD7-7D1B226BF616}.Release|Any CPU.ActiveCfg = Release|Any CPU
		{F53F95BF-530B-44D7-8DD7-7D1B226BF616}.Release|Any CPU.Build.0 = Release|Any CPU
		{1F5706B7-57AB-44C6-8A69-15B25E8C8CAF}.Debug|Any CPU.ActiveCfg = Debug|Any CPU
		{1F5706B7-57AB-44C6-8A69-15B25E8C8CAF}.Debug|Any CPU.Build.0 = Debug|Any CPU
		{1F5706B7-57AB-44C6-8A69-15B25E8C8CAF}.Release|Any CPU.ActiveCfg = Release|Any CPU
		{1F5706B7-57AB-44C6-8A69-15B25E8C8CAF}.Release|Any CPU.Build.0 = Release|Any CPU
		{21EA0243-3FE5-4148-A85F-B85295BDB069}.Debug|Any CPU.ActiveCfg = Debug|Any CPU
		{21EA0243-3FE5-4148-A85F-B85295BDB069}.Debug|Any CPU.Build.0 = Debug|Any CPU
		{21EA0243-3FE5-4148-A85F-B85295BDB069}.Release|Any CPU.ActiveCfg = Release|Any CPU
		{21EA0243-3FE5-4148-A85F-B85295BDB069}.Release|Any CPU.Build.0 = Release|Any CPU
		{C6145E35-5B29-422E-8B9D-880EA75AFD82}.Debug|Any CPU.ActiveCfg = Debug|Any CPU
		{C6145E35-5B29-422E-8B9D-880EA75AFD82}.Debug|Any CPU.Build.0 = Debug|Any CPU
		{C6145E35-5B29-422E-8B9D-880EA75AFD82}.Release|Any CPU.ActiveCfg = Release|Any CPU
		{C6145E35-5B29-422E-8B9D-880EA75AFD82}.Release|Any CPU.Build.0 = Release|Any CPU
		{3EB465D7-0A77-49D8-B149-9A7B76AE9929}.Debug|Any CPU.ActiveCfg = Debug|Any CPU
		{3EB465D7-0A77-49D8-B149-9A7B76AE9929}.Debug|Any CPU.Build.0 = Debug|Any CPU
		{3EB465D7-0A77-49D8-B149-9A7B76AE9929}.Release|Any CPU.ActiveCfg = Release|Any CPU
		{3EB465D7-0A77-49D8-B149-9A7B76AE9929}.Release|Any CPU.Build.0 = Release|Any CPU
		{9B92C793-F9B9-487F-9DE5-7BDA6F94B658}.Debug|Any CPU.ActiveCfg = Debug|Any CPU
		{9B92C793-F9B9-487F-9DE5-7BDA6F94B658}.Debug|Any CPU.Build.0 = Debug|Any CPU
		{9B92C793-F9B9-487F-9DE5-7BDA6F94B658}.Release|Any CPU.ActiveCfg = Release|Any CPU
		{9B92C793-F9B9-487F-9DE5-7BDA6F94B658}.Release|Any CPU.Build.0 = Release|Any CPU
		{D489D91E-243B-4AEF-AABF-9F1B7B31C6FE}.Debug|Any CPU.ActiveCfg = Debug|Any CPU
		{D489D91E-243B-4AEF-AABF-9F1B7B31C6FE}.Debug|Any CPU.Build.0 = Debug|Any CPU
		{D489D91E-243B-4AEF-AABF-9F1B7B31C6FE}.Release|Any CPU.ActiveCfg = Release|Any CPU
		{D489D91E-243B-4AEF-AABF-9F1B7B31C6FE}.Release|Any CPU.Build.0 = Release|Any CPU
	EndGlobalSection
	GlobalSection(SolutionProperties) = preSolution
		HideSolutionNode = FALSE
	EndGlobalSection
	GlobalSection(NestedProjects) = preSolution
		{466CD2A3-E522-43C8-A57B-3A3FA343031F} = {22658A63-D720-4AC8-9EA9-469EC46514AD}
		{F53F95BF-530B-44D7-8DD7-7D1B226BF616} = {22658A63-D720-4AC8-9EA9-469EC46514AD}
	EndGlobalSection
EndGlobal
